<?xml version="1.0" encoding="utf-8"?>
<Project ToolsVersion="16.0" xmlns="http://schemas.microsoft.com/developer/msbuild/2003">
  <ItemGroup>
    <ClCompile Include="D:\db1\db\src\integer.cc">
      <Filter>Source Files</Filter>
    </ClCompile>
    <ClCompile Include="D:\db1\db\src\file.cc">
      <Filter>Source Files</Filter>
    </ClCompile>
    <ClCompile Include="D:\db1\db\src\schema.cc">
      <Filter>Source Files</Filter>
    </ClCompile>
    <ClCompile Include="D:\db1\db\src\block.cc">
      <Filter>Source Files</Filter>
    </ClCompile>
    <ClCompile Include="D:\db1\db\src\record.cc">
      <Filter>Source Files</Filter>
    </ClCompile>
    <ClCompile Include="D:\db1\db\src\datatype.cc">
      <Filter>Source Files</Filter>
    </ClCompile>
    <ClCompile Include="D:\db1\db\src\timestamp.cc">
      <Filter>Source Files</Filter>
    </ClCompile>
    <ClCompile Include="D:\db1\db\src\test.cc">
      <Filter>Source Files</Filter>
    </ClCompile>
    <ClCompile Include="D:\db1\db\src\table.cc">
      <Filter>Source Files</Filter>
    </ClCompile>
  </ItemGroup>
  <ItemGroup>
    <CustomBuild Include="D:\db1\db\src\CMakeLists.txt" />
  </ItemGroup>
  <ItemGroup>
    <Filter Include="Source Files">
      <UniqueIdentifier>{90F20218-82FD-3AEF-9346-158E228171A5}</UniqueIdentifier>
    </Filter>
  </ItemGroup>
</Project>
