<?xml version="1.0" encoding="utf-8"?>
<Project ToolsVersion="16.0" xmlns="http://schemas.microsoft.com/developer/msbuild/2003">
  <ItemGroup>
    <CustomBuild Include="D:\db1\db\tests\CMakeFiles\c5ceb57e0bda5d906b5c53580a0a9ed4\generate.stamp.rule">
      <Filter>CMake Rules</Filter>
    </CustomBuild>
  </ItemGroup>
  <ItemGroup>
    <Filter Include="CMake Rules">
      <UniqueIdentifier>{6F681DF8-D4EF-321A-AC18-473FB729F26D}</UniqueIdentifier>
    </Filter>
  </ItemGroup>
</Project>
