<?xml version="1.0" encoding="utf-8"?>
<Project ToolsVersion="16.0" xmlns="http://schemas.microsoft.com/developer/msbuild/2003">
  <ItemGroup>
    <ClCompile Include="D:\db1\db\tests\test.cc">
      <Filter>Source Files</Filter>
    </ClCompile>
    <ClCompile Include="D:\db1\db\tests\db\integerTest.cc">
      <Filter>Source Files</Filter>
    </ClCompile>
    <ClCompile Include="D:\db1\db\tests\db\checksumTest.cc">
      <Filter>Source Files</Filter>
    </ClCompile>
    <ClCompile Include="D:\db1\db\tests\db\fileTest.cc">
      <Filter>Source Files</Filter>
    </ClCompile>
    <ClCompile Include="D:\db1\db\tests\db\schemaTest.cc">
      <Filter>Source Files</Filter>
    </ClCompile>
    <ClCompile Include="D:\db1\db\tests\db\blockTest.cc">
      <Filter>Source Files</Filter>
    </ClCompile>
    <ClCompile Include="D:\db1\db\tests\db\recordTest.cc">
      <Filter>Source Files</Filter>
    </ClCompile>
    <ClCompile Include="D:\db1\db\tests\db\datatypeTest.cc">
      <Filter>Source Files</Filter>
    </ClCompile>
    <ClCompile Include="D:\db1\db\tests\db\timestampTest.cc">
      <Filter>Source Files</Filter>
    </ClCompile>
  </ItemGroup>
  <ItemGroup>
    <CustomBuild Include="D:\db1\db\tests\CMakeLists.txt" />
  </ItemGroup>
  <ItemGroup>
    <Filter Include="Source Files">
      <UniqueIdentifier>{90F20218-82FD-3AEF-9346-158E228171A5}</UniqueIdentifier>
    </Filter>
  </ItemGroup>
</Project>
